
Microsoft Visual Studio Solution File, Format Version 12.00
# Visual Studio 15
VisualStudioVersion = 15.0.28307.779
MinimumVisualStudioVersion = 10.0.40219.1
Project("{FAE04EC0-301F-11D3-BF4B-00C04F79EFBC}") = "ConsoleBanco01", "ConsoleBanco01\ConsoleBanco01.csproj", "{EA5BF848-62EE-4F1E-B75D-F356323F081B}"
EndProject
Global
	GlobalSection(SolutionConfigurationPlatforms) = preSolution
		Debug|Any CPU = Debug|Any CPU
		Release|Any CPU = Release|Any CPU
	EndGlobalSection
	GlobalSection(ProjectConfigurationPlatforms) = postSolution
		{EA5BF848-62EE-4F1E-B75D-F356323F081B}.Debug|Any CPU.ActiveCfg = Debug|Any CPU
		{EA5BF848-62EE-4F1E-B75D-F356323F081B}.Debug|Any CPU.Build.0 = Debug|Any CPU
		{EA5BF848-62EE-4F1E-B75D-F356323F081B}.Release|Any CPU.ActiveCfg = Release|Any CPU
		{EA5BF848-62EE-4F1E-B75D-F356323F081B}.Release|Any CPU.Build.0 = Release|Any CPU
	EndGlobalSection
	GlobalSection(SolutionProperties) = preSolution
		HideSolutionNode = FALSE
	EndGlobalSection
	GlobalSection(ExtensibilityGlobals) = postSolution
		SolutionGuid = {5AAC5754-E054-4A5A-A53E-C231DEFB556F}
	EndGlobalSection
EndGlobal
